
Microsoft Visual Studio Solution File, Format Version 12.00
# Visual Studio Version 16
VisualStudioVersion = 16.0.32002.261
MinimumVisualStudioVersion = 10.0.40219.1
Project("{8BC9CEB8-8B4A-11D0-8D11-00A0C91BC942}") = "12_Function_use2", "12_Function_use2\12_Function_use2.vcxproj", "{13863490-31D7-4FC3-9C39-A905A2ADBAFA}"
EndProject
Global
	GlobalSection(SolutionConfigurationPlatforms) = preSolution
		Debug|x64 = Debug|x64
		Debug|x86 = Debug|x86
		Release|x64 = Release|x64
		Release|x86 = Release|x86
	EndGlobalSection
	GlobalSection(ProjectConfigurationPlatforms) = postSolution
		{13863490-31D7-4FC3-9C39-A905A2ADBAFA}.Debug|x64.ActiveCfg = Debug|x64
		{13863490-31D7-4FC3-9C39-A905A2ADBAFA}.Debug|x64.Build.0 = Debug|x64
		{13863490-31D7-4FC3-9C39-A905A2ADBAFA}.Debug|x86.ActiveCfg = Debug|Win32
		{13863490-31D7-4FC3-9C39-A905A2ADBAFA}.Debug|x86.Build.0 = Debug|Win32
		{13863490-31D7-4FC3-9C39-A905A2ADBAFA}.Release|x64.ActiveCfg = Release|x64
		{13863490-31D7-4FC3-9C39-A905A2ADBAFA}.Release|x64.Build.0 = Release|x64
		{13863490-31D7-4FC3-9C39-A905A2ADBAFA}.Release|x86.ActiveCfg = Release|Win32
		{13863490-31D7-4FC3-9C39-A905A2ADBAFA}.Release|x86.Build.0 = Release|Win32
	EndGlobalSection
	GlobalSection(SolutionProperties) = preSolution
		HideSolutionNode = FALSE
	EndGlobalSection
	GlobalSection(ExtensibilityGlobals) = postSolution
		SolutionGuid = {B6552988-0BDE-4F58-A4C5-A4355D7F763A}
	EndGlobalSection
EndGlobal
